<?xml version="1.0" encoding="utf-8"?>
<Project ToolsVersion="4.0" xmlns="http://schemas.microsoft.com/developer/msbuild/2003">
  <ItemGroup>
    <Filter Include="Source Files">
      <UniqueIdentifier>{4FC737F1-C7A5-4376-A066-2A32D752A2FF}</UniqueIdentifier>
      <Extensions>cpp;c;cc;cxx;def;odl;idl;hpj;bat;asm;asmx</Extensions>
    </Filter>
    <Filter Include="Header Files">
      <UniqueIdentifier>{93995380-89BD-4b04-88EB-625FBE52EBFB}</UniqueIdentifier>
      <Extensions>h;hpp;hxx;hm;inl;inc;xsd</Extensions>
    </Filter>
    <Filter Include="Resource Files">
      <UniqueIdentifier>{67DA6AB6-F800-4c08-8B7A-83BB121AAD01}</UniqueIdentifier>
      <Extensions>rc;ico;cur;bmp;dlg;rc2;rct;bin;rgs;gif;jpg;jpeg;jpe;resx;tiff;tif;png;wav</Extensions>
    </Filter>
    <Filter Include="Blocks">
      <UniqueIdentifier>{78FE74C1-EF5E-4150-91B2-46D5C9144B4E}</UniqueIdentifier>
    </Filter>
    <Filter Include="Blocks\Cinder-Sdi">
      <UniqueIdentifier>{A801F951-4B3F-4DAB-A44E-B616248BE943}</UniqueIdentifier>
    </Filter>
    <Filter Include="Blocks\Cinder-Sdi\src">
      <UniqueIdentifier>{DE6931E1-AF24-4449-B968-B791619BD70E}</UniqueIdentifier>
    </Filter>
    <Filter Include="Blocks\Cinder-Sdi\include">
      <UniqueIdentifier>{75A9A9AB-3A83-4425-9425-51FD88EA4F20}</UniqueIdentifier>
    </Filter>
  </ItemGroup>
  <ItemGroup>
    <ClCompile Include="..\src\OutputSampleApp.cpp">
      <Filter>Source Files</Filter>
    </ClCompile>
    <ClCompile Include="..\src\OutputSampleApp.cpp">
      <Filter>Source Files</Filter>
    </ClCompile>
    <ClInclude Include="..\include\Resources.h">
      <Filter>Header Files</Filter>
    </ClInclude>
    <ClCompile Include="..\..\..\src\DeckLinkAPI_i.c">
      <Filter>Blocks\Cinder-Sdi\src</Filter>
    </ClCompile>
    <ClInclude Include="..\..\..\include\DeckLinkAPI_h.h">
      <Filter>Blocks\Cinder-Sdi\include</Filter>
    </ClInclude>
    <ClInclude Include="..\..\..\include\DeckLinkAPIVersion.h">
      <Filter>Blocks\Cinder-Sdi\include</Filter>
    </ClInclude>
    <ClCompile Include="..\..\..\src\DeckLinkDevice.cpp">
      <Filter>Blocks\Cinder-Sdi\src</Filter>
    </ClCompile>
    <ClCompile Include="..\..\..\src\DeckLinkDeviceDiscovery.cpp">
      <Filter>Blocks\Cinder-Sdi\src</Filter>
    </ClCompile>
    <ClCompile Include="..\..\..\src\DeckLinkInput.cpp">
      <Filter>Blocks\Cinder-Sdi\src</Filter>
    </ClCompile>
    <ClCompile Include="..\..\..\src\DeckLinkOutput.cpp">
      <Filter>Blocks\Cinder-Sdi\src</Filter>
    </ClCompile>
  </ItemGroup>
  <ItemGroup>
    <ClInclude Include="..\include\Resources.h">
      <Filter>Header Files</Filter>
    </ClInclude>
    <ClInclude Include="..\..\..\include\DeckLinkDevice.h">
      <Filter>Blocks\Cinder-Sdi\include</Filter>
    </ClInclude>
    <ClInclude Include="..\..\..\include\DeckLinkDeviceDiscovery.h">
      <Filter>Blocks\Cinder-Sdi\include</Filter>
    </ClInclude>
    <ClInclude Include="..\..\..\include\DeckLinkInput.h">
      <Filter>Blocks\Cinder-Sdi\include</Filter>
    </ClInclude>
    <ClInclude Include="..\..\..\include\DeckLinkOutput.h">
      <Filter>Blocks\Cinder-Sdi\include</Filter>
    </ClInclude>
  </ItemGroup>
  <ItemGroup>
    <ResourceCompile Include="Resources.rc">
      <Filter>Resource Files</Filter>
    </ResourceCompile>
  </ItemGroup>
</Project>